// !$*UTF8*$!
{
	archiveVersion = 1;
	classes = {
	};
	objectVersion = 46;
	objects = {

/* Begin PBXBuildFile section */
		B43830D51860ECD800D0DCF8 /* Foundation.framework in Frameworks */ = {isa = PBXBuildFile; fileRef = B43830D41860ECD800D0DCF8 /* Foundation.framework */; };
		B43830D71860ECD800D0DCF8 /* CoreGraphics.framework in Frameworks */ = {isa = PBXBuildFile; fileRef = B43830D61860ECD800D0DCF8 /* CoreGraphics.framework */; };
		B43830D91860ECD800D0DCF8 /* UIKit.framework in Frameworks */ = {isa = PBXBuildFile; fileRef = B43830D81860ECD800D0DCF8 /* UIKit.framework */; };
		B43830DF1860ECD800D0DCF8 /* InfoPlist.strings in Resources */ = {isa = PBXBuildFile; fileRef = B43830DD1860ECD800D0DCF8 /* InfoPlist.strings */; };
		B43830E11860ECD800D0DCF8 /* main.m in Sources */ = {isa = PBXBuildFile; fileRef = B43830E01860ECD800D0DCF8 /* main.m */; };
		B43830E51860ECD800D0DCF8 /* AppDelegate.m in Sources */ = {isa = PBXBuildFile; fileRef = B43830E41860ECD800D0DCF8 /* AppDelegate.m */; };
		B43830E81860ECD800D0DCF8 /* Main.storyboard in Resources */ = {isa = PBXBuildFile; fileRef = B43830E61860ECD800D0DCF8 /* Main.storyboard */; };
		B43830EB1860ECD800D0DCF8 /* ViewController.m in Sources */ = {isa = PBXBuildFile; fileRef = B43830EA1860ECD800D0DCF8 /* ViewController.m */; };
		B43830ED1860ECD800D0DCF8 /* Images.xcassets in Resources */ = {isa = PBXBuildFile; fileRef = B43830EC1860ECD800D0DCF8 /* Images.xcassets */; };
		B43830F41860ECD800D0DCF8 /* XCTest.framework in Frameworks */ = {isa = PBXBuildFile; fileRef = B43830F31860ECD800D0DCF8 /* XCTest.framework */; };
		B43830F51860ECD800D0DCF8 /* Foundation.framework in Frameworks */ = {isa = PBXBuildFile; fileRef = B43830D41860ECD800D0DCF8 /* Foundation.framework */; };
		B43830F61860ECD800D0DCF8 /* UIKit.framework in Frameworks */ = {isa = PBXBuildFile; fileRef = B43830D81860ECD800D0DCF8 /* UIKit.framework */; };
		B43830FE1860ECD800D0DCF8 /* InfoPlist.strings in Resources */ = {isa = PBXBuildFile; fileRef = B43830FC1860ECD800D0DCF8 /* InfoPlist.strings */; };
		B43831001860ECD800D0DCF8 /* _TablasTests.m in Sources */ = {isa = PBXBuildFile; fileRef = B43830FF1860ECD800D0DCF8 /* _TablasTests.m */; };
		B4A9546C1861F49700FF39AA /* Fuentes.m in Sources */ = {isa = PBXBuildFile; fileRef = B4A9546B1861F49700FF39AA /* Fuentes.m */; };
		B4A9547018622FAC00FF39AA /* InformationViewController.m in Sources */ = {isa = PBXBuildFile; fileRef = B4A9546F18622FAC00FF39AA /* InformationViewController.m */; };
		B4A954731862332600FF39AA /* FamiliasViewController.m in Sources */ = {isa = PBXBuildFile; fileRef = B4A954721862332600FF39AA /* FamiliasViewController.m */; };
/* End PBXBuildFile section */

/* Begin PBXContainerItemProxy section */
		B43830F71860ECD800D0DCF8 /* PBXContainerItemProxy */ = {
			isa = PBXContainerItemProxy;
			containerPortal = B43830C91860ECD800D0DCF8 /* Project object */;
			proxyType = 1;
			remoteGlobalIDString = B43830D01860ECD800D0DCF8;
			remoteInfo = 4Tablas;
		};
/* End PBXContainerItemProxy section */

/* Begin PBXFileReference section */
		B43830D11860ECD800D0DCF8 /* 4Tablas.app */ = {isa = PBXFileReference; explicitFileType = wrapper.application; includeInIndex = 0; path = 4Tablas.app; sourceTree = BUILT_PRODUCTS_DIR; };
		B43830D41860ECD800D0DCF8 /* Foundation.framework */ = {isa = PBXFileReference; lastKnownFileType = wrapper.framework; name = Foundation.framework; path = System/Library/Frameworks/Foundation.framework; sourceTree = SDKROOT; };
		B43830D61860ECD800D0DCF8 /* CoreGraphics.framework */ = {isa = PBXFileReference; lastKnownFileType = wrapper.framework; name = CoreGraphics.framework; path = System/Library/Frameworks/CoreGraphics.framework; sourceTree = SDKROOT; };
		B43830D81860ECD800D0DCF8 /* UIKit.framework */ = {isa = PBXFileReference; lastKnownFileType = wrapper.framework; name = UIKit.framework; path = System/Library/Frameworks/UIKit.framework; sourceTree = SDKROOT; };
		B43830DC1860ECD800D0DCF8 /* 4Tablas-Info.plist */ = {isa = PBXFileReference; lastKnownFileType = text.plist.xml; path = "4Tablas-Info.plist"; sourceTree = "<group>"; };
		B43830DE1860ECD800D0DCF8 /* en */ = {isa = PBXFileReference; lastKnownFileType = text.plist.strings; name = en; path = en.lproj/InfoPlist.strings; sourceTree = "<group>"; };
		B43830E01860ECD800D0DCF8 /* main.m */ = {isa = PBXFileReference; lastKnownFileType = sourcecode.c.objc; path = main.m; sourceTree = "<group>"; };
		B43830E21860ECD800D0DCF8 /* 4Tablas-Prefix.pch */ = {isa = PBXFileReference; lastKnownFileType = sourcecode.c.h; path = "4Tablas-Prefix.pch"; sourceTree = "<group>"; };
		B43830E31860ECD800D0DCF8 /* AppDelegate.h */ = {isa = PBXFileReference; lastKnownFileType = sourcecode.c.h; path = AppDelegate.h; sourceTree = "<group>"; };
		B43830E41860ECD800D0DCF8 /* AppDelegate.m */ = {isa = PBXFileReference; lastKnownFileType = sourcecode.c.objc; path = AppDelegate.m; sourceTree = "<group>"; };
		B43830E71860ECD800D0DCF8 /* Base */ = {isa = PBXFileReference; lastKnownFileType = file.storyboard; name = Base; path = Base.lproj/Main.storyboard; sourceTree = "<group>"; };
		B43830E91860ECD800D0DCF8 /* ViewController.h */ = {isa = PBXFileReference; lastKnownFileType = sourcecode.c.h; path = ViewController.h; sourceTree = "<group>"; };
		B43830EA1860ECD800D0DCF8 /* ViewController.m */ = {isa = PBXFileReference; lastKnownFileType = sourcecode.c.objc; path = ViewController.m; sourceTree = "<group>"; };
		B43830EC1860ECD800D0DCF8 /* Images.xcassets */ = {isa = PBXFileReference; lastKnownFileType = folder.assetcatalog; path = Images.xcassets; sourceTree = "<group>"; };
		B43830F21860ECD800D0DCF8 /* 4TablasTests.xctest */ = {isa = PBXFileReference; explicitFileType = wrapper.cfbundle; includeInIndex = 0; path = 4TablasTests.xctest; sourceTree = BUILT_PRODUCTS_DIR; };
		B43830F31860ECD800D0DCF8 /* XCTest.framework */ = {isa = PBXFileReference; lastKnownFileType = wrapper.framework; name = XCTest.framework; path = Library/Frameworks/XCTest.framework; sourceTree = DEVELOPER_DIR; };
		B43830FB1860ECD800D0DCF8 /* 4TablasTests-Info.plist */ = {isa = PBXFileReference; lastKnownFileType = text.plist.xml; path = "4TablasTests-Info.plist"; sourceTree = "<group>"; };
		B43830FD1860ECD800D0DCF8 /* en */ = {isa = PBXFileReference; lastKnownFileType = text.plist.strings; name = en; path = en.lproj/InfoPlist.strings; sourceTree = "<group>"; };
		B43830FF1860ECD800D0DCF8 /* _TablasTests.m */ = {isa = PBXFileReference; lastKnownFileType = sourcecode.c.objc; path = _TablasTests.m; sourceTree = "<group>"; };
		B4A9546A1861F49700FF39AA /* Fuentes.h */ = {isa = PBXFileReference; fileEncoding = 4; lastKnownFileType = sourcecode.c.h; path = Fuentes.h; sourceTree = "<group>"; };
		B4A9546B1861F49700FF39AA /* Fuentes.m */ = {isa = PBXFileReference; fileEncoding = 4; lastKnownFileType = sourcecode.c.objc; path = Fuentes.m; sourceTree = "<group>"; };
		B4A9546D186206C600FF39AA /* Constants.h */ = {isa = PBXFileReference; lastKnownFileType = sourcecode.c.h; path = Constants.h; sourceTree = "<group>"; };
		B4A9546E18622FAC00FF39AA /* InformationViewController.h */ = {isa = PBXFileReference; fileEncoding = 4; lastKnownFileType = sourcecode.c.h; path = InformationViewController.h; sourceTree = "<group>"; };
		B4A9546F18622FAC00FF39AA /* InformationViewController.m */ = {isa = PBXFileReference; fileEncoding = 4; lastKnownFileType = sourcecode.c.objc; path = InformationViewController.m; sourceTree = "<group>"; };
		B4A954711862332600FF39AA /* FamiliasViewController.h */ = {isa = PBXFileReference; fileEncoding = 4; lastKnownFileType = sourcecode.c.h; path = FamiliasViewController.h; sourceTree = "<group>"; };
		B4A954721862332600FF39AA /* FamiliasViewController.m */ = {isa = PBXFileReference; fileEncoding = 4; lastKnownFileType = sourcecode.c.objc; path = FamiliasViewController.m; sourceTree = "<group>"; };
/* End PBXFileReference section */

/* Begin PBXFrameworksBuildPhase section */
		B43830CE1860ECD800D0DCF8 /* Frameworks */ = {
			isa = PBXFrameworksBuildPhase;
			buildActionMask = 2147483647;
			files = (
				B43830D71860ECD800D0DCF8 /* CoreGraphics.framework in Frameworks */,
				B43830D91860ECD800D0DCF8 /* UIKit.framework in Frameworks */,
				B43830D51860ECD800D0DCF8 /* Foundation.framework in Frameworks */,
			);
			runOnlyForDeploymentPostprocessing = 0;
		};
		B43830EF1860ECD800D0DCF8 /* Frameworks */ = {
			isa = PBXFrameworksBuildPhase;
			buildActionMask = 2147483647;
			files = (
				B43830F41860ECD800D0DCF8 /* XCTest.framework in Frameworks */,
				B43830F61860ECD800D0DCF8 /* UIKit.framework in Frameworks */,
				B43830F51860ECD800D0DCF8 /* Foundation.framework in Frameworks */,
			);
			runOnlyForDeploymentPostprocessing = 0;
		};
/* End PBXFrameworksBuildPhase section */

/* Begin PBXGroup section */
		B43830C81860ECD800D0DCF8 = {
			isa = PBXGroup;
			children = (
				B43830DA1860ECD800D0DCF8 /* 4Tablas */,
				B43830F91860ECD800D0DCF8 /* 4TablasTests */,
				B43830D31860ECD800D0DCF8 /* Frameworks */,
				B43830D21860ECD800D0DCF8 /* Products */,
			);
			sourceTree = "<group>";
		};
		B43830D21860ECD800D0DCF8 /* Products */ = {
			isa = PBXGroup;
			children = (
				B43830D11860ECD800D0DCF8 /* 4Tablas.app */,
				B43830F21860ECD800D0DCF8 /* 4TablasTests.xctest */,
			);
			name = Products;
			sourceTree = "<group>";
		};
		B43830D31860ECD800D0DCF8 /* Frameworks */ = {
			isa = PBXGroup;
			children = (
				B43830D41860ECD800D0DCF8 /* Foundation.framework */,
				B43830D61860ECD800D0DCF8 /* CoreGraphics.framework */,
				B43830D81860ECD800D0DCF8 /* UIKit.framework */,
				B43830F31860ECD800D0DCF8 /* XCTest.framework */,
			);
			name = Frameworks;
			sourceTree = "<group>";
		};
		B43830DA1860ECD800D0DCF8 /* 4Tablas */ = {
			isa = PBXGroup;
			children = (
				B43830E31860ECD800D0DCF8 /* AppDelegate.h */,
				B43830E41860ECD800D0DCF8 /* AppDelegate.m */,
				B43830E61860ECD800D0DCF8 /* Main.storyboard */,
				B43830E91860ECD800D0DCF8 /* ViewController.h */,
				B43830EA1860ECD800D0DCF8 /* ViewController.m */,
				B4A9546E18622FAC00FF39AA /* InformationViewController.h */,
				B4A9546F18622FAC00FF39AA /* InformationViewController.m */,
				B4A954711862332600FF39AA /* FamiliasViewController.h */,
				B4A954721862332600FF39AA /* FamiliasViewController.m */,
				B4A9546D186206C600FF39AA /* Constants.h */,
				B4A9546A1861F49700FF39AA /* Fuentes.h */,
				B4A9546B1861F49700FF39AA /* Fuentes.m */,
				B43830EC1860ECD800D0DCF8 /* Images.xcassets */,
				B43830DB1860ECD800D0DCF8 /* Supporting Files */,
			);
			path = 4Tablas;
			sourceTree = "<group>";
		};
		B43830DB1860ECD800D0DCF8 /* Supporting Files */ = {
			isa = PBXGroup;
			children = (
				B43830DC1860ECD800D0DCF8 /* 4Tablas-Info.plist */,
				B43830DD1860ECD800D0DCF8 /* InfoPlist.strings */,
				B43830E01860ECD800D0DCF8 /* main.m */,
				B43830E21860ECD800D0DCF8 /* 4Tablas-Prefix.pch */,
			);
			name = "Supporting Files";
			sourceTree = "<group>";
		};
		B43830F91860ECD800D0DCF8 /* 4TablasTests */ = {
			isa = PBXGroup;
			children = (
				B43830FF1860ECD800D0DCF8 /* _TablasTests.m */,
				B43830FA1860ECD800D0DCF8 /* Supporting Files */,
			);
			path = 4TablasTests;
			sourceTree = "<group>";
		};
		B43830FA1860ECD800D0DCF8 /* Supporting Files */ = {
			isa = PBXGroup;
			children = (
				B43830FB1860ECD800D0DCF8 /* 4TablasTests-Info.plist */,
				B43830FC1860ECD800D0DCF8 /* InfoPlist.strings */,
			);
			name = "Supporting Files";
			sourceTree = "<group>";
		};
/* End PBXGroup section */

/* Begin PBXNativeTarget section */
		B43830D01860ECD800D0DCF8 /* 4Tablas */ = {
			isa = PBXNativeTarget;
			buildConfigurationList = B43831031860ECD800D0DCF8 /* Build configuration list for PBXNativeTarget "4Tablas" */;
			buildPhases = (
				B43830CD1860ECD800D0DCF8 /* Sources */,
				B43830CE1860ECD800D0DCF8 /* Frameworks */,
				B43830CF1860ECD800D0DCF8 /* Resources */,
			);
			buildRules = (
			);
			dependencies = (
			);
			name = 4Tablas;
			productName = 4Tablas;
			productReference = B43830D11860ECD800D0DCF8 /* 4Tablas.app */;
			productType = "com.apple.product-type.application";
		};
		B43830F11860ECD800D0DCF8 /* 4TablasTests */ = {
			isa = PBXNativeTarget;
			buildConfigurationList = B43831061860ECD800D0DCF8 /* Build configuration list for PBXNativeTarget "4TablasTests" */;
			buildPhases = (
				B43830EE1860ECD800D0DCF8 /* Sources */,
				B43830EF1860ECD800D0DCF8 /* Frameworks */,
				B43830F01860ECD800D0DCF8 /* Resources */,
			);
			buildRules = (
			);
			dependencies = (
				B43830F81860ECD800D0DCF8 /* PBXTargetDependency */,
			);
			name = 4TablasTests;
			productName = 4TablasTests;
			productReference = B43830F21860ECD800D0DCF8 /* 4TablasTests.xctest */;
			productType = "com.apple.product-type.bundle.unit-test";
		};
/* End PBXNativeTarget section */

/* Begin PBXProject section */
		B43830C91860ECD800D0DCF8 /* Project object */ = {
			isa = PBXProject;
			attributes = {
				LastUpgradeCheck = 0500;
				ORGANIZATIONNAME = Intergrupo;
				TargetAttributes = {
					B43830F11860ECD800D0DCF8 = {
						TestTargetID = B43830D01860ECD800D0DCF8;
					};
				};
			};
			buildConfigurationList = B43830CC1860ECD800D0DCF8 /* Build configuration list for PBXProject "4Tablas" */;
			compatibilityVersion = "Xcode 3.2";
			developmentRegion = English;
			hasScannedForEncodings = 0;
			knownRegions = (
				en,
				Base,
			);
			mainGroup = B43830C81860ECD800D0DCF8;
			productRefGroup = B43830D21860ECD800D0DCF8 /* Products */;
			projectDirPath = "";
			projectRoot = "";
			targets = (
				B43830D01860ECD800D0DCF8 /* 4Tablas */,
				B43830F11860ECD800D0DCF8 /* 4TablasTests */,
			);
		};
/* End PBXProject section */

/* Begin PBXResourcesBuildPhase section */
		B43830CF1860ECD800D0DCF8 /* Resources */ = {
			isa = PBXResourcesBuildPhase;
			buildActionMask = 2147483647;
			files = (
				B43830ED1860ECD800D0DCF8 /* Images.xcassets in Resources */,
				B43830DF1860ECD800D0DCF8 /* InfoPlist.strings in Resources */,
				B43830E81860ECD800D0DCF8 /* Main.storyboard in Resources */,
			);
			runOnlyForDeploymentPostprocessing = 0;
		};
		B43830F01860ECD800D0DCF8 /* Resources */ = {
			isa = PBXResourcesBuildPhase;
			buildActionMask = 2147483647;
			files = (
				B43830FE1860ECD800D0DCF8 /* InfoPlist.strings in Resources */,
			);
			runOnlyForDeploymentPostprocessing = 0;
		};
/* End PBXResourcesBuildPhase section */

/* Begin PBXSourcesBuildPhase section */
		B43830CD1860ECD800D0DCF8 /* Sources */ = {
			isa = PBXSourcesBuildPhase;
			buildActionMask = 2147483647;
			files = (
				B4A9547018622FAC00FF39AA /* InformationViewController.m in Sources */,
				B43830EB1860ECD800D0DCF8 /* ViewController.m in Sources */,
				B4A954731862332600FF39AA /* FamiliasViewController.m in Sources */,
				B43830E51860ECD800D0DCF8 /* AppDelegate.m in Sources */,
				B4A9546C1861F49700FF39AA /* Fuentes.m in Sources */,
				B43830E11860ECD800D0DCF8 /* main.m in Sources */,
			);
			runOnlyForDeploymentPostprocessing = 0;
		};
		B43830EE1860ECD800D0DCF8 /* Sources */ = {
			isa = PBXSourcesBuildPhase;
			buildActionMask = 2147483647;
			files = (
				B43831001860ECD800D0DCF8 /* _TablasTests.m in Sources */,
			);
			runOnlyForDeploymentPostprocessing = 0;
		};
/* End PBXSourcesBuildPhase section */

/* Begin PBXTargetDependency section */
		B43830F81860ECD800D0DCF8 /* PBXTargetDependency */ = {
			isa = PBXTargetDependency;
			target = B43830D01860ECD800D0DCF8 /* 4Tablas */;
			targetProxy = B43830F71860ECD800D0DCF8 /* PBXContainerItemProxy */;
		};
/* End PBXTargetDependency section */

/* Begin PBXVariantGroup section */
		B43830DD1860ECD800D0DCF8 /* InfoPlist.strings */ = {
			isa = PBXVariantGroup;
			children = (
				B43830DE1860ECD800D0DCF8 /* en */,
			);
			name = InfoPlist.strings;
			sourceTree = "<group>";
		};
		B43830E61860ECD800D0DCF8 /* Main.storyboard */ = {
			isa = PBXVariantGroup;
			children = (
				B43830E71860ECD800D0DCF8 /* Base */,
			);
			name = Main.storyboard;
			sourceTree = "<group>";
		};
		B43830FC1860ECD800D0DCF8 /* InfoPlist.strings */ = {
			isa = PBXVariantGroup;
			children = (
				B43830FD1860ECD800D0DCF8 /* en */,
			);
			name = InfoPlist.strings;
			sourceTree = "<group>";
		};
/* End PBXVariantGroup section */

/* Begin XCBuildConfiguration section */
		B43831011860ECD800D0DCF8 /* Debug */ = {
			isa = XCBuildConfiguration;
			buildSettings = {
				ALWAYS_SEARCH_USER_PATHS = NO;
				ARCHS = "$(ARCHS_STANDARD_INCLUDING_64_BIT)";
				CLANG_CXX_LANGUAGE_STANDARD = "gnu++0x";
				CLANG_CXX_LIBRARY = "libc++";
				CLANG_ENABLE_MODULES = YES;
				CLANG_ENABLE_OBJC_ARC = YES;
				CLANG_WARN_BOOL_CONVERSION = YES;
				CLANG_WARN_CONSTANT_CONVERSION = YES;
				CLANG_WARN_DIRECT_OBJC_ISA_USAGE = YES_ERROR;
				CLANG_WARN_EMPTY_BODY = YES;
				CLANG_WARN_ENUM_CONVERSION = YES;
				CLANG_WARN_INT_CONVERSION = YES;
				CLANG_WARN_OBJC_ROOT_CLASS = YES_ERROR;
				CLANG_WARN__DUPLICATE_METHOD_MATCH = YES;
				"CODE_SIGN_IDENTITY[sdk=iphoneos*]" = "iPhone Developer";
				COPY_PHASE_STRIP = NO;
				GCC_C_LANGUAGE_STANDARD = gnu99;
				GCC_DYNAMIC_NO_PIC = NO;
				GCC_OPTIMIZATION_LEVEL = 0;
				GCC_PREPROCESSOR_DEFINITIONS = (
					"DEBUG=1",
					"$(inherited)",
				);
				GCC_SYMBOLS_PRIVATE_EXTERN = NO;
				GCC_WARN_64_TO_32_BIT_CONVERSION = YES;
				GCC_WARN_ABOUT_RETURN_TYPE = YES_ERROR;
				GCC_WARN_UNDECLARED_SELECTOR = YES;
				GCC_WARN_UNINITIALIZED_AUTOS = YES;
				GCC_WARN_UNUSED_FUNCTION = YES;
				GCC_WARN_UNUSED_VARIABLE = YES;
				IPHONEOS_DEPLOYMENT_TARGET = 7.0;
				ONLY_ACTIVE_ARCH = YES;
				SDKROOT = iphoneos;
			};
			name = Debug;
		};
		B43831021860ECD800D0DCF8 /* Release */ = {
			isa = XCBuildConfiguration;
			buildSettings = {
				ALWAYS_SEARCH_USER_PATHS = NO;
				ARCHS = "$(ARCHS_STANDARD_INCLUDING_64_BIT)";
				CLANG_CXX_LANGUAGE_STANDARD = "gnu++0x";
				CLANG_CXX_LIBRARY = "libc++";
				CLANG_ENABLE_MODULES = YES;
				CLANG_ENABLE_OBJC_ARC = YES;
				CLANG_WARN_BOOL_CONVERSION = YES;
				CLANG_WARN_CONSTANT_CONVERSION = YES;
				CLANG_WARN_DIRECT_OBJC_ISA_USAGE = YES_ERROR;
				CLANG_WARN_EMPTY_BODY = YES;
				CLANG_WARN_ENUM_CONVERSION = YES;
				CLANG_WARN_INT_CONVERSION = YES;
				CLANG_WARN_OBJC_ROOT_CLASS = YES_ERROR;
				CLANG_WARN__DUPLICATE_METHOD_MATCH = YES;
				"CODE_SIGN_IDENTITY[sdk=iphoneos*]" = "iPhone Developer";
				COPY_PHASE_STRIP = YES;
				ENABLE_NS_ASSERTIONS = NO;
				GCC_C_LANGUAGE_STANDARD = gnu99;
				GCC_WARN_64_TO_32_BIT_CONVERSION = YES;
				GCC_WARN_ABOUT_RETURN_TYPE = YES_ERROR;
				GCC_WARN_UNDECLARED_SELECTOR = YES;
				GCC_WARN_UNINITIALIZED_AUTOS = YES;
				GCC_WARN_UNUSED_FUNCTION = YES;
				GCC_WARN_UNUSED_VARIABLE = YES;
				IPHONEOS_DEPLOYMENT_TARGET = 7.0;
				SDKROOT = iphoneos;
				VALIDATE_PRODUCT = YES;
			};
			name = Release;
		};
		B43831041860ECD800D0DCF8 /* Debug */ = {
			isa = XCBuildConfiguration;
			buildSettings = {
				ASSETCATALOG_COMPILER_APPICON_NAME = AppIcon;
				ASSETCATALOG_COMPILER_LAUNCHIMAGE_NAME = LaunchImage;
				GCC_PRECOMPILE_PREFIX_HEADER = YES;
				GCC_PREFIX_HEADER = "4Tablas/4Tablas-Prefix.pch";
				INFOPLIST_FILE = "4Tablas/4Tablas-Info.plist";
				IPHONEOS_DEPLOYMENT_TARGET = 7.0;
				PRODUCT_NAME = "$(TARGET_NAME)";
				TARGETED_DEVICE_FAMILY = "1,2";
				WRAPPER_EXTENSION = app;
			};
			name = Debug;
		};
		B43831051860ECD800D0DCF8 /* Release */ = {
			isa = XCBuildConfiguration;
			buildSettings = {
				ASSETCATALOG_COMPILER_APPICON_NAME = AppIcon;
				ASSETCATALOG_COMPILER_LAUNCHIMAGE_NAME = LaunchImage;
				GCC_PRECOMPILE_PREFIX_HEADER = YES;
				GCC_PREFIX_HEADER = "4Tablas/4Tablas-Prefix.pch";
				INFOPLIST_FILE = "4Tablas/4Tablas-Info.plist";
				IPHONEOS_DEPLOYMENT_TARGET = 7.0;
				PRODUCT_NAME = "$(TARGET_NAME)";
				TARGETED_DEVICE_FAMILY = "1,2";
				WRAPPER_EXTENSION = app;
			};
			name = Release;
		};
		B43831071860ECD800D0DCF8 /* Debug */ = {
			isa = XCBuildConfiguration;
			buildSettings = {
				ARCHS = "$(ARCHS_STANDARD_INCLUDING_64_BIT)";
				BUNDLE_LOADER = "$(BUILT_PRODUCTS_DIR)/4Tablas.app/4Tablas";
				FRAMEWORK_SEARCH_PATHS = (
					"$(SDKROOT)/Developer/Library/Frameworks",
					"$(inherited)",
					"$(DEVELOPER_FRAMEWORKS_DIR)",
				);
				GCC_PRECOMPILE_PREFIX_HEADER = YES;
				GCC_PREFIX_HEADER = "4Tablas/4Tablas-Prefix.pch";
				GCC_PREPROCESSOR_DEFINITIONS = (
					"DEBUG=1",
					"$(inherited)",
				);
				INFOPLIST_FILE = "4TablasTests/4TablasTests-Info.plist";
				PRODUCT_NAME = "$(TARGET_NAME)";
				TEST_HOST = "$(BUNDLE_LOADER)";
				WRAPPER_EXTENSION = xctest;
			};
			name = Debug;
		};
		B43831081860ECD800D0DCF8 /* Release */ = {
			isa = XCBuildConfiguration;
			buildSettings = {
				ARCHS = "$(ARCHS_STANDARD_INCLUDING_64_BIT)";
				BUNDLE_LOADER = "$(BUILT_PRODUCTS_DIR)/4Tablas.app/4Tablas";
				FRAMEWORK_SEARCH_PATHS = (
					"$(SDKROOT)/Developer/Library/Frameworks",
					"$(inherited)",
					"$(DEVELOPER_FRAMEWORKS_DIR)",
				);
				GCC_PRECOMPILE_PREFIX_HEADER = YES;
				GCC_PREFIX_HEADER = "4Tablas/4Tablas-Prefix.pch";
				INFOPLIST_FILE = "4TablasTests/4TablasTests-Info.plist";
				PRODUCT_NAME = "$(TARGET_NAME)";
				TEST_HOST = "$(BUNDLE_LOADER)";
				WRAPPER_EXTENSION = xctest;
			};
			name = Release;
		};
/* End XCBuildConfiguration section */

/* Begin XCConfigurationList section */
		B43830CC1860ECD800D0DCF8 /* Build configuration list for PBXProject "4Tablas" */ = {
			isa = XCConfigurationList;
			buildConfigurations = (
				B43831011860ECD800D0DCF8 /* Debug */,
				B43831021860ECD800D0DCF8 /* Release */,
			);
			defaultConfigurationIsVisible = 0;
			defaultConfigurationName = Release;
		};
		B43831031860ECD800D0DCF8 /* Build configuration list for PBXNativeTarget "4Tablas" */ = {
			isa = XCConfigurationList;
			buildConfigurations = (
				B43831041860ECD800D0DCF8 /* Debug */,
				B43831051860ECD800D0DCF8 /* Release */,
			);
			defaultConfigurationIsVisible = 0;
			defaultConfigurationName = Release;
		};
		B43831061860ECD800D0DCF8 /* Build configuration list for PBXNativeTarget "4TablasTests" */ = {
			isa = XCConfigurationList;
			buildConfigurations = (
				B43831071860ECD800D0DCF8 /* Debug */,
				B43831081860ECD800D0DCF8 /* Release */,
			);
			defaultConfigurationIsVisible = 0;
			defaultConfigurationName = Release;
		};
/* End XCConfigurationList section */
	};
	rootObject = B43830C91860ECD800D0DCF8 /* Project object */;
}
